{
  "pins" : [
    {
      "identity" : "cryptoswift",
      "kind" : "remoteSourceControl",
      "location" : "https://github.com/krzyzanowskim/CryptoSwift.git",
      "state" : {
        "revision" : "db51c407d3be4a051484a141bf0bff36c43d3b1e",
        "version" : "1.8.0"
      }
    },
    {
      "identity" : "easytcp",
      "kind" : "remoteSourceControl",
      "location" : "https://github.com/FlorianHubl/EasyTCP",
      "state" : {
        "branch" : "main",
        "revision" : "a97d7918b623a05b5e244b85d010904f8f21609c"
      }
    },
    {
      "identity" : "electrumkit",
      "kind" : "remoteSourceControl",
      "location" : "https://github.com/FlorianHubl/ElectrumKit",
      "state" : {
        "branch" : "main",
        "revision" : "45c73b44dbc712ad128b3933bd1feec61efdb2b4"
      }
    },
    {
      "identity" : "krakenapi",
      "kind" : "remoteSourceControl",
      "location" : "https://github.com/lukepistrol/KrakenAPI.git",
      "state" : {
        "revision" : "94823335ecfa3bf620eccc65b253f9da6b03d8ac",
        "version" : "2.1.0"
      }
    },
    {
      "identity" : "libwally",
      "kind" : "remoteSourceControl",
      "location" : "https://github.com/FlorianHubl/LibWally",
      "state" : {
        "branch" : "main",
        "revision" : "20044689f8806f272bf3e838a87b74506b2bce85"
      }
    },
    {
      "identity" : "mempoolkit",
      "kind" : "remoteSourceControl",
      "location" : "https://github.com/FlorianHubl/MempoolKit",
      "state" : {
        "branch" : "main",
        "revision" : "b04fb5a8f7dec0cb8dd6864237e5631207827081"
      }
    },
    {
      "identity" : "swiftcsv",
      "kind" : "remoteSourceControl",
      "location" : "https://github.com/swiftcsv/SwiftCSV.git",
      "state" : {
        "revision" : "b61dcd1b2b1120e751cee4cd64a16ff10364885d",
        "version" : "0.9.1"
      }
    },
    {
      "identity" : "swifttor",
      "kind" : "remoteSourceControl",
      "location" : "https://github.com/FlorianHubl/SwiftTor",
      "state" : {
        "branch" : "main",
        "revision" : "ad6a859a55050fa5b74c4227b1965bedbd46be55"
      }
    }
  ],
  "version" : 2
}
